
Microsoft Visual Studio Solution File, Format Version 12.00
# Visual Studio Version 17
VisualStudioVersion = 17.2.32516.85
MinimumVisualStudioVersion = 10.0.40219.1
Project("{FAE04EC0-301F-11D3-BF4B-00C04F79EFBC}") = "RPG", "RPG.csproj", "{AE5E3041-E6C4-4AA4-ACEB-A990B0CDE91D}"
EndProject
Global
	GlobalSection(SolutionConfigurationPlatforms) = preSolution
		Debug|Any CPU = Debug|Any CPU
		Release|Any CPU = Release|Any CPU
	EndGlobalSection
	GlobalSection(ProjectConfigurationPlatforms) = postSolution
		{AE5E3041-E6C4-4AA4-ACEB-A990B0CDE91D}.Debug|Any CPU.ActiveCfg = Debug|Any CPU
		{AE5E3041-E6C4-4AA4-ACEB-A990B0CDE91D}.Debug|Any CPU.Build.0 = Debug|Any CPU
		{AE5E3041-E6C4-4AA4-ACEB-A990B0CDE91D}.Release|Any CPU.ActiveCfg = Release|Any CPU
		{AE5E3041-E6C4-4AA4-ACEB-A990B0CDE91D}.Release|Any CPU.Build.0 = Release|Any CPU
	EndGlobalSection
	GlobalSection(SolutionProperties) = preSolution
		HideSolutionNode = FALSE
	EndGlobalSection
	GlobalSection(ExtensibilityGlobals) = postSolution
		SolutionGuid = {44451F10-ACCF-4598-A69C-801FA0087A39}
	EndGlobalSection
EndGlobal
